
Microsoft Visual Studio Solution File, Format Version 12.00
# Visual Studio Version 16
VisualStudioVersion = 16.0.31515.178
MinimumVisualStudioVersion = 10.0.40219.1
Project("{FAE04EC0-301F-11D3-BF4B-00C04F79EFBC}") = "WordpadKillerV2", "WordpadKillerV2\WordpadKillerV2.csproj", "{605CE2C7-95AD-4607-B44F-AC30FE071AD2}"
EndProject
Global
	GlobalSection(SolutionConfigurationPlatforms) = preSolution
		Debug|Any CPU = Debug|Any CPU
		Release|Any CPU = Release|Any CPU
	EndGlobalSection
	GlobalSection(ProjectConfigurationPlatforms) = postSolution
		{605CE2C7-95AD-4607-B44F-AC30FE071AD2}.Debug|Any CPU.ActiveCfg = Debug|Any CPU
		{605CE2C7-95AD-4607-B44F-AC30FE071AD2}.Debug|Any CPU.Build.0 = Debug|Any CPU
		{605CE2C7-95AD-4607-B44F-AC30FE071AD2}.Release|Any CPU.ActiveCfg = Release|Any CPU
		{605CE2C7-95AD-4607-B44F-AC30FE071AD2}.Release|Any CPU.Build.0 = Release|Any CPU
	EndGlobalSection
	GlobalSection(SolutionProperties) = preSolution
		HideSolutionNode = FALSE
	EndGlobalSection
	GlobalSection(ExtensibilityGlobals) = postSolution
		SolutionGuid = {347D139D-E689-4223-963D-00FDEDF0C6AD}
	EndGlobalSection
EndGlobal
